Microsoft Visual Studio Solution File, Format Version 12.00
# Visual Studio 2012
Project("{FAE04EC0-301F-11D3-BF4B-00C04F79EFBC}") = "ShipSim", "ShipSim.csproj", "{94D5B978-BE45-53D4-81C5-CF00074EEE60}"
EndProject
Global
	GlobalSection(SolutionConfigurationPlatforms) = preSolution
	Debug|Any CPU = Debug|Any CPU
	ExportDebug|Any CPU = ExportDebug|Any CPU
	ExportRelease|Any CPU = ExportRelease|Any CPU
	EndGlobalSection
	GlobalSection(ProjectConfigurationPlatforms) = postSolution
		{94D5B978-BE45-53D4-81C5-CF00074EEE60}.Debug|Any CPU.ActiveCfg = Debug|Any CPU
		{94D5B978-BE45-53D4-81C5-CF00074EEE60}.Debug|Any CPU.Build.0 = Debug|Any CPU
		{94D5B978-BE45-53D4-81C5-CF00074EEE60}.ExportDebug|Any CPU.ActiveCfg = ExportDebug|Any CPU
		{94D5B978-BE45-53D4-81C5-CF00074EEE60}.ExportDebug|Any CPU.Build.0 = ExportDebug|Any CPU
		{94D5B978-BE45-53D4-81C5-CF00074EEE60}.ExportRelease|Any CPU.ActiveCfg = ExportRelease|Any CPU
		{94D5B978-BE45-53D4-81C5-CF00074EEE60}.ExportRelease|Any CPU.Build.0 = ExportRelease|Any CPU
	EndGlobalSection
EndGlobal
